
Microsoft Visual Studio Solution File, Format Version 12.00
# Visual Studio 14
VisualStudioVersion = 14.0.22310.1
MinimumVisualStudioVersion = 10.0.40219.1
Project("{FAE04EC0-301F-11D3-BF4B-00C04F79EFBC}") = "WebApi", "WebApi\WebApi.csproj", "{638535BC-A7C6-4A14-893F-07C42204BE2B}"
EndProject
Project("{FAE04EC0-301F-11D3-BF4B-00C04F79EFBC}") = "WebApi.Tests", "WebApi.Tests\WebApi.Tests.csproj", "{AF25C5F7-78F4-4C41-B57E-5C64FEBCFB29}"
EndProject
Global
	GlobalSection(SolutionConfigurationPlatforms) = preSolution
		Debug|Any CPU = Debug|Any CPU
		Release|Any CPU = Release|Any CPU
	EndGlobalSection
	GlobalSection(ProjectConfigurationPlatforms) = postSolution
		{638535BC-A7C6-4A14-893F-07C42204BE2B}.Debug|Any CPU.ActiveCfg = Debug|Any CPU
		{638535BC-A7C6-4A14-893F-07C42204BE2B}.Debug|Any CPU.Build.0 = Debug|Any CPU
		{638535BC-A7C6-4A14-893F-07C42204BE2B}.Release|Any CPU.ActiveCfg = Release|Any CPU
		{638535BC-A7C6-4A14-893F-07C42204BE2B}.Release|Any CPU.Build.0 = Release|Any CPU
		{AF25C5F7-78F4-4C41-B57E-5C64FEBCFB29}.Debug|Any CPU.ActiveCfg = Debug|Any CPU
		{AF25C5F7-78F4-4C41-B57E-5C64FEBCFB29}.Debug|Any CPU.Build.0 = Debug|Any CPU
		{AF25C5F7-78F4-4C41-B57E-5C64FEBCFB29}.Release|Any CPU.ActiveCfg = Release|Any CPU
		{AF25C5F7-78F4-4C41-B57E-5C64FEBCFB29}.Release|Any CPU.Build.0 = Release|Any CPU
	EndGlobalSection
	GlobalSection(SolutionProperties) = preSolution
		HideSolutionNode = FALSE
	EndGlobalSection
EndGlobal
